
Microsoft Visual Studio Solution File, Format Version 12.00
# Visual Studio Version 17
VisualStudioVersion = 17.2.32616.157
MinimumVisualStudioVersion = 10.0.40219.1
Project("{FAE04EC0-301F-11D3-BF4B-00C04F79EFBC}") = "BackupTool", "BackupTool\BackupTool.csproj", "{1F0F1A5B-643B-4E3D-9784-02CDE0E6A258}"
EndProject
Project("{FAE04EC0-301F-11D3-BF4B-00C04F79EFBC}") = "BackupTool.FileLogger", "BackupTool.FileLogger\BackupTool.FileLogger.csproj", "{8C098D59-9F94-4AD1-AB55-DE7C6141BE44}"
EndProject
Global
	GlobalSection(SolutionConfigurationPlatforms) = preSolution
		Debug|Any CPU = Debug|Any CPU
		Release|Any CPU = Release|Any CPU
	EndGlobalSection
	GlobalSection(ProjectConfigurationPlatforms) = postSolution
		{1F0F1A5B-643B-4E3D-9784-02CDE0E6A258}.Debug|Any CPU.ActiveCfg = Debug|Any CPU
		{1F0F1A5B-643B-4E3D-9784-02CDE0E6A258}.Debug|Any CPU.Build.0 = Debug|Any CPU
		{1F0F1A5B-643B-4E3D-9784-02CDE0E6A258}.Release|Any CPU.ActiveCfg = Release|Any CPU
		{1F0F1A5B-643B-4E3D-9784-02CDE0E6A258}.Release|Any CPU.Build.0 = Release|Any CPU
		{8C098D59-9F94-4AD1-AB55-DE7C6141BE44}.Debug|Any CPU.ActiveCfg = Debug|Any CPU
		{8C098D59-9F94-4AD1-AB55-DE7C6141BE44}.Debug|Any CPU.Build.0 = Debug|Any CPU
		{8C098D59-9F94-4AD1-AB55-DE7C6141BE44}.Release|Any CPU.ActiveCfg = Release|Any CPU
		{8C098D59-9F94-4AD1-AB55-DE7C6141BE44}.Release|Any CPU.Build.0 = Release|Any CPU
	EndGlobalSection
	GlobalSection(SolutionProperties) = preSolution
		HideSolutionNode = FALSE
	EndGlobalSection
	GlobalSection(ExtensibilityGlobals) = postSolution
		SolutionGuid = {6A161A89-771B-4EBC-911F-8C679980FEE7}
	EndGlobalSection
EndGlobal
